
Microsoft Visual Studio Solution File, Format Version 12.00
# Visual Studio Version 17
VisualStudioVersion = 17.7.34221.43
MinimumVisualStudioVersion = 10.0.40219.1
Project("{FAE04EC0-301F-11D3-BF4B-00C04F79EFBC}") = "BlazorTDDTest", "BlazorTDDTest\BlazorTDDTest.csproj", "{52347991-E4B4-4F2F-A6E1-06FD08F4AF34}"
EndProject
Project("{FAE04EC0-301F-11D3-BF4B-00C04F79EFBC}") = "BlazorTDDTest.Tests", "BlazorTDDTest.Tests\BlazorTDDTest.Tests.csproj", "{A4F2B5FD-E738-4FA2-8C4A-CB0EBAE65C06}"
EndProject
Global
	GlobalSection(SolutionConfigurationPlatforms) = preSolution
		Debug|Any CPU = Debug|Any CPU
		Release|Any CPU = Release|Any CPU
	EndGlobalSection
	GlobalSection(ProjectConfigurationPlatforms) = postSolution
		{52347991-E4B4-4F2F-A6E1-06FD08F4AF34}.Debug|Any CPU.ActiveCfg = Debug|Any CPU
		{52347991-E4B4-4F2F-A6E1-06FD08F4AF34}.Debug|Any CPU.Build.0 = Debug|Any CPU
		{52347991-E4B4-4F2F-A6E1-06FD08F4AF34}.Release|Any CPU.ActiveCfg = Release|Any CPU
		{52347991-E4B4-4F2F-A6E1-06FD08F4AF34}.Release|Any CPU.Build.0 = Release|Any CPU
		{A4F2B5FD-E738-4FA2-8C4A-CB0EBAE65C06}.Debug|Any CPU.ActiveCfg = Debug|Any CPU
		{A4F2B5FD-E738-4FA2-8C4A-CB0EBAE65C06}.Debug|Any CPU.Build.0 = Debug|Any CPU
		{A4F2B5FD-E738-4FA2-8C4A-CB0EBAE65C06}.Release|Any CPU.ActiveCfg = Release|Any CPU
		{A4F2B5FD-E738-4FA2-8C4A-CB0EBAE65C06}.Release|Any CPU.Build.0 = Release|Any CPU
	EndGlobalSection
	GlobalSection(SolutionProperties) = preSolution
		HideSolutionNode = FALSE
	EndGlobalSection
	GlobalSection(ExtensibilityGlobals) = postSolution
		SolutionGuid = {88F5D441-2410-4318-8D38-1E356BDB1E05}
	EndGlobalSection
EndGlobal
